// !$*UTF8*$!
{
	archiveVersion = 1;
	classes = {
	};
	objectVersion = 48;
	objects = {

/* Begin PBXBuildFile section */
		BAD7047520455BFB008CC588 /* ProtocolModule.framework in Frameworks */ = {isa = PBXBuildFile; fileRef = BAD7046B20455BFB008CC588 /* ProtocolModule.framework */; };
		BAD7047A20455BFB008CC588 /* ProtocolModuleTests.m in Sources */ = {isa = PBXBuildFile; fileRef = BAD7047920455BFB008CC588 /* ProtocolModuleTests.m */; };
		BAD7047C20455BFB008CC588 /* ProtocolModule.h in Headers */ = {isa = PBXBuildFile; fileRef = BAD7046E20455BFB008CC588 /* ProtocolModule.h */; settings = {ATTRIBUTES = (Public, ); }; };
/* End PBXBuildFile section */

/* Begin PBXContainerItemProxy section */
		BAD7047620455BFB008CC588 /* PBXContainerItemProxy */ = {
			isa = PBXContainerItemProxy;
			containerPortal = BAD7046220455BFB008CC588 /* Project object */;
			proxyType = 1;
			remoteGlobalIDString = BAD7046A20455BFB008CC588;
			remoteInfo = ProtocolModule;
		};
/* End PBXContainerItemProxy section */

/* Begin PBXFileReference section */
		BAD7046B20455BFB008CC588 /* ProtocolModule.framework */ = {isa = PBXFileReference; explicitFileType = wrapper.framework; includeInIndex = 0; path = ProtocolModule.framework; sourceTree = BUILT_PRODUCTS_DIR; };
		BAD7046E20455BFB008CC588 /* ProtocolModule.h */ = {isa = PBXFileReference; lastKnownFileType = sourcecode.c.h; path = ProtocolModule.h; sourceTree = "<group>"; };
		BAD7046F20455BFB008CC588 /* Info.plist */ = {isa = PBXFileReference; lastKnownFileType = text.plist.xml; path = Info.plist; sourceTree = "<group>"; };
		BAD7047420455BFB008CC588 /* ProtocolModuleTests.xctest */ = {isa = PBXFileReference; explicitFileType = wrapper.cfbundle; includeInIndex = 0; path = ProtocolModuleTests.xctest; sourceTree = BUILT_PRODUCTS_DIR; };
		BAD7047920455BFB008CC588 /* ProtocolModuleTests.m */ = {isa = PBXFileReference; lastKnownFileType = sourcecode.c.objc; path = ProtocolModuleTests.m; sourceTree = "<group>"; };
		BAD7047B20455BFB008CC588 /* Info.plist */ = {isa = PBXFileReference; lastKnownFileType = text.plist.xml; path = Info.plist; sourceTree = "<group>"; };
/* End PBXFileReference section */

/* Begin PBXFrameworksBuildPhase section */
		BAD7046720455BFB008CC588 /* Frameworks */ = {
			isa = PBXFrameworksBuildPhase;
			buildActionMask = 2147483647;
			files = (
			);
			runOnlyForDeploymentPostprocessing = 0;
		};
		BAD7047120455BFB008CC588 /* Frameworks */ = {
			isa = PBXFrameworksBuildPhase;
			buildActionMask = 2147483647;
			files = (
				BAD7047520455BFB008CC588 /* ProtocolModule.framework in Frameworks */,
			);
			runOnlyForDeploymentPostprocessing = 0;
		};
/* End PBXFrameworksBuildPhase section */

/* Begin PBXGroup section */
		BAD7046120455BFB008CC588 = {
			isa = PBXGroup;
			children = (
				BAD7046D20455BFB008CC588 /* ProtocolModule */,
				BAD7047820455BFB008CC588 /* ProtocolModuleTests */,
				BAD7046C20455BFB008CC588 /* Products */,
			);
			sourceTree = "<group>";
		};
		BAD7046C20455BFB008CC588 /* Products */ = {
			isa = PBXGroup;
			children = (
				BAD7046B20455BFB008CC588 /* ProtocolModule.framework */,
				BAD7047420455BFB008CC588 /* ProtocolModuleTests.xctest */,
			);
			name = Products;
			sourceTree = "<group>";
		};
		BAD7046D20455BFB008CC588 /* ProtocolModule */ = {
			isa = PBXGroup;
			children = (
				BAD7046E20455BFB008CC588 /* ProtocolModule.h */,
				BAD7046F20455BFB008CC588 /* Info.plist */,
			);
			path = ProtocolModule;
			sourceTree = "<group>";
		};
		BAD7047820455BFB008CC588 /* ProtocolModuleTests */ = {
			isa = PBXGroup;
			children = (
				BAD7047920455BFB008CC588 /* ProtocolModuleTests.m */,
				BAD7047B20455BFB008CC588 /* Info.plist */,
			);
			path = ProtocolModuleTests;
			sourceTree = "<group>";
		};
/* End PBXGroup section */

/* Begin PBXHeadersBuildPhase section */
		BAD7046820455BFB008CC588 /* Headers */ = {
			isa = PBXHeadersBuildPhase;
			buildActionMask = 2147483647;
			files = (
				BAD7047C20455BFB008CC588 /* ProtocolModule.h in Headers */,
			);
			runOnlyForDeploymentPostprocessing = 0;
		};
/* End PBXHeadersBuildPhase section */

/* Begin PBXNativeTarget section */
		BAD7046A20455BFB008CC588 /* ProtocolModule */ = {
			isa = PBXNativeTarget;
			buildConfigurationList = BAD7047F20455BFB008CC588 /* Build configuration list for PBXNativeTarget "ProtocolModule" */;
			buildPhases = (
				BAD7046620455BFB008CC588 /* Sources */,
				BAD7046720455BFB008CC588 /* Frameworks */,
				BAD7046820455BFB008CC588 /* Headers */,
				BAD7046920455BFB008CC588 /* Resources */,
			);
			buildRules = (
			);
			dependencies = (
			);
			name = ProtocolModule;
			productName = ProtocolModule;
			productReference = BAD7046B20455BFB008CC588 /* ProtocolModule.framework */;
			productType = "com.apple.product-type.framework";
		};
		BAD7047320455BFB008CC588 /* ProtocolModuleTests */ = {
			isa = PBXNativeTarget;
			buildConfigurationList = BAD7048220455BFB008CC588 /* Build configuration list for PBXNativeTarget "ProtocolModuleTests" */;
			buildPhases = (
				BAD7047020455BFB008CC588 /* Sources */,
				BAD7047120455BFB008CC588 /* Frameworks */,
				BAD7047220455BFB008CC588 /* Resources */,
			);
			buildRules = (
			);
			dependencies = (
				BAD7047720455BFB008CC588 /* PBXTargetDependency */,
			);
			name = ProtocolModuleTests;
			productName = ProtocolModuleTests;
			productReference = BAD7047420455BFB008CC588 /* ProtocolModuleTests.xctest */;
			productType = "com.apple.product-type.bundle.unit-test";
		};
/* End PBXNativeTarget section */

/* Begin PBXProject section */
		BAD7046220455BFB008CC588 /* Project object */ = {
			isa = PBXProject;
			attributes = {
				LastUpgradeCheck = 0920;
				ORGANIZATIONNAME = liyan;
				TargetAttributes = {
					BAD7046A20455BFB008CC588 = {
						CreatedOnToolsVersion = 9.2;
						ProvisioningStyle = Automatic;
					};
					BAD7047320455BFB008CC588 = {
						CreatedOnToolsVersion = 9.2;
						ProvisioningStyle = Automatic;
					};
				};
			};
			buildConfigurationList = BAD7046520455BFB008CC588 /* Build configuration list for PBXProject "ProtocolModule" */;
			compatibilityVersion = "Xcode 8.0";
			developmentRegion = en;
			hasScannedForEncodings = 0;
			knownRegions = (
				en,
			);
			mainGroup = BAD7046120455BFB008CC588;
			productRefGroup = BAD7046C20455BFB008CC588 /* Products */;
			projectDirPath = "";
			projectRoot = "";
			targets = (
				BAD7046A20455BFB008CC588 /* ProtocolModule */,
				BAD7047320455BFB008CC588 /* ProtocolModuleTests */,
			);
		};
/* End PBXProject section */

/* Begin PBXResourcesBuildPhase section */
		BAD7046920455BFB008CC588 /* Resources */ = {
			isa = PBXResourcesBuildPhase;
			buildActionMask = 2147483647;
			files = (
			);
			runOnlyForDeploymentPostprocessing = 0;
		};
		BAD7047220455BFB008CC588 /* Resources */ = {
			isa = PBXResourcesBuildPhase;
			buildActionMask = 2147483647;
			files = (
			);
			runOnlyForDeploymentPostprocessing = 0;
		};
/* End PBXResourcesBuildPhase section */

/* Begin PBXSourcesBuildPhase section */
		BAD7046620455BFB008CC588 /* Sources */ = {
			isa = PBXSourcesBuildPhase;
			buildActionMask = 2147483647;
			files = (
			);
			runOnlyForDeploymentPostprocessing = 0;
		};
		BAD7047020455BFB008CC588 /* Sources */ = {
			isa = PBXSourcesBuildPhase;
			buildActionMask = 2147483647;
			files = (
				BAD7047A20455BFB008CC588 /* ProtocolModuleTests.m in Sources */,
			);
			runOnlyForDeploymentPostprocessing = 0;
		};
/* End PBXSourcesBuildPhase section */

/* Begin PBXTargetDependency section */
		BAD7047720455BFB008CC588 /* PBXTargetDependency */ = {
			isa = PBXTargetDependency;
			target = BAD7046A20455BFB008CC588 /* ProtocolModule */;
			targetProxy = BAD7047620455BFB008CC588 /* PBXContainerItemProxy */;
		};
/* End PBXTargetDependency section */

/* Begin XCBuildConfiguration section */
		BAD7047D20455BFB008CC588 /* Debug */ = {
			isa = XCBuildConfiguration;
			buildSettings = {
				ALWAYS_SEARCH_USER_PATHS = NO;
				CLANG_ANALYZER_NONNULL = YES;
				CLANG_ANALYZER_NUMBER_OBJECT_CONVERSION = YES_AGGRESSIVE;
				CLANG_CXX_LANGUAGE_STANDARD = "gnu++14";
				CLANG_CXX_LIBRARY = "libc++";
				CLANG_ENABLE_MODULES = YES;
				CLANG_ENABLE_OBJC_ARC = YES;
				CLANG_WARN_BLOCK_CAPTURE_AUTORELEASING = YES;
				CLANG_WARN_BOOL_CONVERSION = YES;
				CLANG_WARN_COMMA = YES;
				CLANG_WARN_CONSTANT_CONVERSION = YES;
				CLANG_WARN_DIRECT_OBJC_ISA_USAGE = YES_ERROR;
				CLANG_WARN_DOCUMENTATION_COMMENTS = YES;
				CLANG_WARN_EMPTY_BODY = YES;
				CLANG_WARN_ENUM_CONVERSION = YES;
				CLANG_WARN_INFINITE_RECURSION = YES;
				CLANG_WARN_INT_CONVERSION = YES;
				CLANG_WARN_NON_LITERAL_NULL_CONVERSION = YES;
				CLANG_WARN_OBJC_LITERAL_CONVERSION = YES;
				CLANG_WARN_OBJC_ROOT_CLASS = YES_ERROR;
				CLANG_WARN_RANGE_LOOP_ANALYSIS = YES;
				CLANG_WARN_STRICT_PROTOTYPES = YES;
				CLANG_WARN_SUSPICIOUS_MOVE = YES;
				CLANG_WARN_UNGUARDED_AVAILABILITY = YES_AGGRESSIVE;
				CLANG_WARN_UNREACHABLE_CODE = YES;
				CLANG_WARN__DUPLICATE_METHOD_MATCH = YES;
				CODE_SIGN_IDENTITY = "iPhone Developer";
				COPY_PHASE_STRIP = NO;
				CURRENT_PROJECT_VERSION = 1;
				DEBUG_INFORMATION_FORMAT = dwarf;
				ENABLE_STRICT_OBJC_MSGSEND = YES;
				ENABLE_TESTABILITY = YES;
				GCC_C_LANGUAGE_STANDARD = gnu11;
				GCC_DYNAMIC_NO_PIC = NO;
				GCC_NO_COMMON_BLOCKS = YES;
				GCC_OPTIMIZATION_LEVEL = 0;
				GCC_PREPROCESSOR_DEFINITIONS = (
					"DEBUG=1",
					"$(inherited)",
				);
				GCC_WARN_64_TO_32_BIT_CONVERSION = YES;
				GCC_WARN_ABOUT_RETURN_TYPE = YES_ERROR;
				GCC_WARN_UNDECLARED_SELECTOR = YES;
				GCC_WARN_UNINITIALIZED_AUTOS = YES_AGGRESSIVE;
				GCC_WARN_UNUSED_FUNCTION = YES;
				GCC_WARN_UNUSED_VARIABLE = YES;
				IPHONEOS_DEPLOYMENT_TARGET = 11.2;
				MTL_ENABLE_DEBUG_INFO = YES;
				ONLY_ACTIVE_ARCH = YES;
				SDKROOT = iphoneos;
				VERSIONING_SYSTEM = "apple-generic";
				VERSION_INFO_PREFIX = "";
			};
			name = Debug;
		};
		BAD7047E20455BFB008CC588 /* Release */ = {
			isa = XCBuildConfiguration;
			buildSettings = {
				ALWAYS_SEARCH_USER_PATHS = NO;
				CLANG_ANALYZER_NONNULL = YES;
				CLANG_ANALYZER_NUMBER_OBJECT_CONVERSION = YES_AGGRESSIVE;
				CLANG_CXX_LANGUAGE_STANDARD = "gnu++14";
				CLANG_CXX_LIBRARY = "libc++";
				CLANG_ENABLE_MODULES = YES;
				CLANG_ENABLE_OBJC_ARC = YES;
				CLANG_WARN_BLOCK_CAPTURE_AUTORELEASING = YES;
				CLANG_WARN_BOOL_CONVERSION = YES;
				CLANG_WARN_COMMA = YES;
				CLANG_WARN_CONSTANT_CONVERSION = YES;
				CLANG_WARN_DIRECT_OBJC_ISA_USAGE = YES_ERROR;
				CLANG_WARN_DOCUMENTATION_COMMENTS = YES;
				CLANG_WARN_EMPTY_BODY = YES;
				CLANG_WARN_ENUM_CONVERSION = YES;
				CLANG_WARN_INFINITE_RECURSION = YES;
				CLANG_WARN_INT_CONVERSION = YES;
				CLANG_WARN_NON_LITERAL_NULL_CONVERSION = YES;
				CLANG_WARN_OBJC_LITERAL_CONVERSION = YES;
				CLANG_WARN_OBJC_ROOT_CLASS = YES_ERROR;
				CLANG_WARN_RANGE_LOOP_ANALYSIS = YES;
				CLANG_WARN_STRICT_PROTOTYPES = YES;
				CLANG_WARN_SUSPICIOUS_MOVE = YES;
				CLANG_WARN_UNGUARDED_AVAILABILITY = YES_AGGRESSIVE;
				CLANG_WARN_UNREACHABLE_CODE = YES;
				CLANG_WARN__DUPLICATE_METHOD_MATCH = YES;
				CODE_SIGN_IDENTITY = "iPhone Developer";
				COPY_PHASE_STRIP = NO;
				CURRENT_PROJECT_VERSION = 1;
				DEBUG_INFORMATION_FORMAT = "dwarf-with-dsym";
				ENABLE_NS_ASSERTIONS = NO;
				ENABLE_STRICT_OBJC_MSGSEND = YES;
				GCC_C_LANGUAGE_STANDARD = gnu11;
				GCC_NO_COMMON_BLOCKS = YES;
				GCC_WARN_64_TO_32_BIT_CONVERSION = YES;
				GCC_WARN_ABOUT_RETURN_TYPE = YES_ERROR;
				GCC_WARN_UNDECLARED_SELECTOR = YES;
				GCC_WARN_UNINITIALIZED_AUTOS = YES_AGGRESSIVE;
				GCC_WARN_UNUSED_FUNCTION = YES;
				GCC_WARN_UNUSED_VARIABLE = YES;
				IPHONEOS_DEPLOYMENT_TARGET = 11.2;
				MTL_ENABLE_DEBUG_INFO = NO;
				SDKROOT = iphoneos;
				VALIDATE_PRODUCT = YES;
				VERSIONING_SYSTEM = "apple-generic";
				VERSION_INFO_PREFIX = "";
			};
			name = Release;
		};
		BAD7048020455BFB008CC588 /* Debug */ = {
			isa = XCBuildConfiguration;
			buildSettings = {
				CODE_SIGN_IDENTITY = "";
				CODE_SIGN_STYLE = Automatic;
				DEFINES_MODULE = YES;
				DYLIB_COMPATIBILITY_VERSION = 1;
				DYLIB_CURRENT_VERSION = 1;
				DYLIB_INSTALL_NAME_BASE = "@rpath";
				INFOPLIST_FILE = ProtocolModule/Info.plist;
				INSTALL_PATH = "$(LOCAL_LIBRARY_DIR)/Frameworks";
				LD_RUNPATH_SEARCH_PATHS = "$(inherited) @executable_path/Frameworks @loader_path/Frameworks";
				PRODUCT_BUNDLE_IDENTIFIER = com.liyan.ProtocolModule;
				PRODUCT_NAME = "$(TARGET_NAME:c99extidentifier)";
				SKIP_INSTALL = YES;
				TARGETED_DEVICE_FAMILY = "1,2";
			};
			name = Debug;
		};
		BAD7048120455BFB008CC588 /* Release */ = {
			isa = XCBuildConfiguration;
			buildSettings = {
				CODE_SIGN_IDENTITY = "";
				CODE_SIGN_STYLE = Automatic;
				DEFINES_MODULE = YES;
				DYLIB_COMPATIBILITY_VERSION = 1;
				DYLIB_CURRENT_VERSION = 1;
				DYLIB_INSTALL_NAME_BASE = "@rpath";
				INFOPLIST_FILE = ProtocolModule/Info.plist;
				INSTALL_PATH = "$(LOCAL_LIBRARY_DIR)/Frameworks";
				LD_RUNPATH_SEARCH_PATHS = "$(inherited) @executable_path/Frameworks @loader_path/Frameworks";
				PRODUCT_BUNDLE_IDENTIFIER = com.liyan.ProtocolModule;
				PRODUCT_NAME = "$(TARGET_NAME:c99extidentifier)";
				SKIP_INSTALL = YES;
				TARGETED_DEVICE_FAMILY = "1,2";
			};
			name = Release;
		};
		BAD7048320455BFB008CC588 /* Debug */ = {
			isa = XCBuildConfiguration;
			buildSettings = {
				CODE_SIGN_STYLE = Automatic;
				INFOPLIST_FILE = ProtocolModuleTests/Info.plist;
				LD_RUNPATH_SEARCH_PATHS = "$(inherited) @executable_path/Frameworks @loader_path/Frameworks";
				PRODUCT_BUNDLE_IDENTIFIER = com.liyan.ProtocolModuleTests;
				PRODUCT_NAME = "$(TARGET_NAME)";
				TARGETED_DEVICE_FAMILY = "1,2";
			};
			name = Debug;
		};
		BAD7048420455BFB008CC588 /* Release */ = {
			isa = XCBuildConfiguration;
			buildSettings = {
				CODE_SIGN_STYLE = Automatic;
				INFOPLIST_FILE = ProtocolModuleTests/Info.plist;
				LD_RUNPATH_SEARCH_PATHS = "$(inherited) @executable_path/Frameworks @loader_path/Frameworks";
				PRODUCT_BUNDLE_IDENTIFIER = com.liyan.ProtocolModuleTests;
				PRODUCT_NAME = "$(TARGET_NAME)";
				TARGETED_DEVICE_FAMILY = "1,2";
			};
			name = Release;
		};
/* End XCBuildConfiguration section */

/* Begin XCConfigurationList section */
		BAD7046520455BFB008CC588 /* Build configuration list for PBXProject "ProtocolModule" */ = {
			isa = XCConfigurationList;
			buildConfigurations = (
				BAD7047D20455BFB008CC588 /* Debug */,
				BAD7047E20455BFB008CC588 /* Release */,
			);
			defaultConfigurationIsVisible = 0;
			defaultConfigurationName = Release;
		};
		BAD7047F20455BFB008CC588 /* Build configuration list for PBXNativeTarget "ProtocolModule" */ = {
			isa = XCConfigurationList;
			buildConfigurations = (
				BAD7048020455BFB008CC588 /* Debug */,
				BAD7048120455BFB008CC588 /* Release */,
			);
			defaultConfigurationIsVisible = 0;
			defaultConfigurationName = Release;
		};
		BAD7048220455BFB008CC588 /* Build configuration list for PBXNativeTarget "ProtocolModuleTests" */ = {
			isa = XCConfigurationList;
			buildConfigurations = (
				BAD7048320455BFB008CC588 /* Debug */,
				BAD7048420455BFB008CC588 /* Release */,
			);
			defaultConfigurationIsVisible = 0;
			defaultConfigurationName = Release;
		};
/* End XCConfigurationList section */
	};
	rootObject = BAD7046220455BFB008CC588 /* Project object */;
}
